Microsoft Visual Studio Solution File, Format Version 12.00
# Visual Studio Version 17
VisualStudioVersion = 17.5.2.0
MinimumVisualStudioVersion = 10.0.40219.1
Project("{FAE04EC0-301F-11D3-BF4B-00C04F79EFBC}") = "DatadogWebhookFunction", "DatadogWebhookFunction.csproj", "{9FF8A1DB-187F-21C1-3FE5-76C5071DD6AF}"
EndProject
Global
	GlobalSection(SolutionConfigurationPlatforms) = preSolution
		Debug|Any CPU = Debug|Any CPU
		Release|Any CPU = Release|Any CPU
	EndGlobalSection
	GlobalSection(ProjectConfigurationPlatforms) = postSolution
		{9FF8A1DB-187F-21C1-3FE5-76C5071DD6AF}.Debug|Any CPU.ActiveCfg = Debug|Any CPU
		{9FF8A1DB-187F-21C1-3FE5-76C5071DD6AF}.Debug|Any CPU.Build.0 = Debug|Any CPU
		{9FF8A1DB-187F-21C1-3FE5-76C5071DD6AF}.Release|Any CPU.ActiveCfg = Release|Any CPU
		{9FF8A1DB-187F-21C1-3FE5-76C5071DD6AF}.Release|Any CPU.Build.0 = Release|Any CPU
	EndGlobalSection
	GlobalSection(SolutionProperties) = preSolution
		HideSolutionNode = FALSE
	EndGlobalSection
	GlobalSection(ExtensibilityGlobals) = postSolution
		SolutionGuid = {F652DC74-42D4-4FF9-BE81-850BDA7828BA}
	EndGlobalSection
EndGlobal
